
Microsoft Visual Studio Solution File, Format Version 12.00
# Visual Studio Version 17
VisualStudioVersion = 17.0.31903.59
MinimumVisualStudioVersion = 10.0.40219.1
Project("{9A19103F-16F7-4668-BE54-9A1E7A4F7556}") = "ExamManager.App", "ExamManager.App\ExamManager.App.csproj", "{02FDBB2D-F7D3-437E-9AFD-C57B3218EFD6}"
EndProject
Project("{9A19103F-16F7-4668-BE54-9A1E7A4F7556}") = "ExamManager.Test", "ExamManager.Test\ExamManager.Test.csproj", "{1300D57F-B806-4171-B255-9C3A2F44D867}"
EndProject
Project("{9A19103F-16F7-4668-BE54-9A1E7A4F7556}") = "ExamManager.Api", "ExamManager.Api\ExamManager.Api.csproj", "{95D2A17B-6642-4064-B260-4227E6720A4F}"
EndProject
Global
	GlobalSection(SolutionConfigurationPlatforms) = preSolution
		Debug|Any CPU = Debug|Any CPU
		Debug|x64 = Debug|x64
		Debug|x86 = Debug|x86
		Release|Any CPU = Release|Any CPU
		Release|x64 = Release|x64
		Release|x86 = Release|x86
	EndGlobalSection
	GlobalSection(ProjectConfigurationPlatforms) = postSolution
		{02FDBB2D-F7D3-437E-9AFD-C57B3218EFD6}.Debug|Any CPU.ActiveCfg = Debug|Any CPU
		{02FDBB2D-F7D3-437E-9AFD-C57B3218EFD6}.Debug|Any CPU.Build.0 = Debug|Any CPU
		{02FDBB2D-F7D3-437E-9AFD-C57B3218EFD6}.Debug|x64.ActiveCfg = Debug|Any CPU
		{02FDBB2D-F7D3-437E-9AFD-C57B3218EFD6}.Debug|x64.Build.0 = Debug|Any CPU
		{02FDBB2D-F7D3-437E-9AFD-C57B3218EFD6}.Debug|x86.ActiveCfg = Debug|Any CPU
		{02FDBB2D-F7D3-437E-9AFD-C57B3218EFD6}.Debug|x86.Build.0 = Debug|Any CPU
		{02FDBB2D-F7D3-437E-9AFD-C57B3218EFD6}.Release|Any CPU.ActiveCfg = Release|Any CPU
		{02FDBB2D-F7D3-437E-9AFD-C57B3218EFD6}.Release|Any CPU.Build.0 = Release|Any CPU
		{02FDBB2D-F7D3-437E-9AFD-C57B3218EFD6}.Release|x64.ActiveCfg = Release|Any CPU
		{02FDBB2D-F7D3-437E-9AFD-C57B3218EFD6}.Release|x64.Build.0 = Release|Any CPU
		{02FDBB2D-F7D3-437E-9AFD-C57B3218EFD6}.Release|x86.ActiveCfg = Release|Any CPU
		{02FDBB2D-F7D3-437E-9AFD-C57B3218EFD6}.Release|x86.Build.0 = Release|Any CPU
		{1300D57F-B806-4171-B255-9C3A2F44D867}.Debug|Any CPU.ActiveCfg = Debug|Any CPU
		{1300D57F-B806-4171-B255-9C3A2F44D867}.Debug|Any CPU.Build.0 = Debug|Any CPU
		{1300D57F-B806-4171-B255-9C3A2F44D867}.Debug|x64.ActiveCfg = Debug|Any CPU
		{1300D57F-B806-4171-B255-9C3A2F44D867}.Debug|x64.Build.0 = Debug|Any CPU
		{1300D57F-B806-4171-B255-9C3A2F44D867}.Debug|x86.ActiveCfg = Debug|Any CPU
		{1300D57F-B806-4171-B255-9C3A2F44D867}.Debug|x86.Build.0 = Debug|Any CPU
		{1300D57F-B806-4171-B255-9C3A2F44D867}.Release|Any CPU.ActiveCfg = Release|Any CPU
		{1300D57F-B806-4171-B255-9C3A2F44D867}.Release|Any CPU.Build.0 = Release|Any CPU
		{1300D57F-B806-4171-B255-9C3A2F44D867}.Release|x64.ActiveCfg = Release|Any CPU
		{1300D57F-B806-4171-B255-9C3A2F44D867}.Release|x64.Build.0 = Release|Any CPU
		{1300D57F-B806-4171-B255-9C3A2F44D867}.Release|x86.ActiveCfg = Release|Any CPU
		{1300D57F-B806-4171-B255-9C3A2F44D867}.Release|x86.Build.0 = Release|Any CPU
		{95D2A17B-6642-4064-B260-4227E6720A4F}.Debug|Any CPU.ActiveCfg = Debug|Any CPU
		{95D2A17B-6642-4064-B260-4227E6720A4F}.Debug|Any CPU.Build.0 = Debug|Any CPU
		{95D2A17B-6642-4064-B260-4227E6720A4F}.Debug|x64.ActiveCfg = Debug|Any CPU
		{95D2A17B-6642-4064-B260-4227E6720A4F}.Debug|x64.Build.0 = Debug|Any CPU
		{95D2A17B-6642-4064-B260-4227E6720A4F}.Debug|x86.ActiveCfg = Debug|Any CPU
		{95D2A17B-6642-4064-B260-4227E6720A4F}.Debug|x86.Build.0 = Debug|Any CPU
		{95D2A17B-6642-4064-B260-4227E6720A4F}.Release|Any CPU.ActiveCfg = Release|Any CPU
		{95D2A17B-6642-4064-B260-4227E6720A4F}.Release|Any CPU.Build.0 = Release|Any CPU
		{95D2A17B-6642-4064-B260-4227E6720A4F}.Release|x64.ActiveCfg = Release|Any CPU
		{95D2A17B-6642-4064-B260-4227E6720A4F}.Release|x64.Build.0 = Release|Any CPU
		{95D2A17B-6642-4064-B260-4227E6720A4F}.Release|x86.ActiveCfg = Release|Any CPU
		{95D2A17B-6642-4064-B260-4227E6720A4F}.Release|x86.Build.0 = Release|Any CPU
	EndGlobalSection
	GlobalSection(SolutionProperties) = preSolution
		HideSolutionNode = FALSE
	EndGlobalSection
	GlobalSection(ExtensibilityGlobals) = postSolution
		SolutionGuid = {C5A68AD0-98B0-4155-9FB0-AFB4C2AA57CC}
	EndGlobalSection
EndGlobal
