
Microsoft Visual Studio Solution File, Format Version 12.00
# Visual Studio Version 16
VisualStudioVersion = 16.0.29418.71
MinimumVisualStudioVersion = 10.0.40219.1
Project("{FAE04EC0-301F-11D3-BF4B-00C04F79EFBC}") = "MasterDetailDemo.Api", "MasterDetailDemo.Api\MasterDetailDemo.Api.csproj", "{16E904FE-5786-4C15-A8A1-EDF5428EB7EE}"
EndProject
Project("{FAE04EC0-301F-11D3-BF4B-00C04F79EFBC}") = "MasterDetailDemo.Dto", "MasterDetailDemo.Dto\MasterDetailDemo.Dto.csproj", "{5547D887-AA93-47BE-9156-3C9BCFDD619E}"
EndProject
Project("{FAE04EC0-301F-11D3-BF4B-00C04F79EFBC}") = "MasterDetailDemo.App.UWP", "MasterDetailDemo.App\MasterDetailDemo.App.UWP\MasterDetailDemo.App.UWP.csproj", "{1B974100-ADE1-4855-8A3C-E443699E793F}"
EndProject
Project("{FAE04EC0-301F-11D3-BF4B-00C04F79EFBC}") = "MasterDetailDemo.App.Android", "MasterDetailDemo.App\MasterDetailDemo.App.Android\MasterDetailDemo.App.Android.csproj", "{ACECC0CC-E10C-4C3C-9729-5B26BC7C9698}"
EndProject
Project("{FAE04EC0-301F-11D3-BF4B-00C04F79EFBC}") = "MasterDetailDemo.App", "MasterDetailDemo.App\MasterDetailDemo.App\MasterDetailDemo.App.csproj", "{1A0C00F9-CC6F-4010-B76C-9E389D91D6E4}"
EndProject
Global
	GlobalSection(SolutionConfigurationPlatforms) = preSolution
		Debug|Any CPU = Debug|Any CPU
		Debug|ARM = Debug|ARM
		Debug|x64 = Debug|x64
		Debug|x86 = Debug|x86
		Release|Any CPU = Release|Any CPU
		Release|ARM = Release|ARM
		Release|x64 = Release|x64
		Release|x86 = Release|x86
	EndGlobalSection
	GlobalSection(ProjectConfigurationPlatforms) = postSolution
		{16E904FE-5786-4C15-A8A1-EDF5428EB7EE}.Debug|Any CPU.ActiveCfg = Debug|Any CPU
		{16E904FE-5786-4C15-A8A1-EDF5428EB7EE}.Debug|Any CPU.Build.0 = Debug|Any CPU
		{16E904FE-5786-4C15-A8A1-EDF5428EB7EE}.Debug|ARM.ActiveCfg = Debug|Any CPU
		{16E904FE-5786-4C15-A8A1-EDF5428EB7EE}.Debug|ARM.Build.0 = Debug|Any CPU
		{16E904FE-5786-4C15-A8A1-EDF5428EB7EE}.Debug|x64.ActiveCfg = Debug|Any CPU
		{16E904FE-5786-4C15-A8A1-EDF5428EB7EE}.Debug|x64.Build.0 = Debug|Any CPU
		{16E904FE-5786-4C15-A8A1-EDF5428EB7EE}.Debug|x86.ActiveCfg = Debug|Any CPU
		{16E904FE-5786-4C15-A8A1-EDF5428EB7EE}.Debug|x86.Build.0 = Debug|Any CPU
		{16E904FE-5786-4C15-A8A1-EDF5428EB7EE}.Release|Any CPU.ActiveCfg = Release|Any CPU
		{16E904FE-5786-4C15-A8A1-EDF5428EB7EE}.Release|Any CPU.Build.0 = Release|Any CPU
		{16E904FE-5786-4C15-A8A1-EDF5428EB7EE}.Release|ARM.ActiveCfg = Release|Any CPU
		{16E904FE-5786-4C15-A8A1-EDF5428EB7EE}.Release|ARM.Build.0 = Release|Any CPU
		{16E904FE-5786-4C15-A8A1-EDF5428EB7EE}.Release|x64.ActiveCfg = Release|Any CPU
		{16E904FE-5786-4C15-A8A1-EDF5428EB7EE}.Release|x64.Build.0 = Release|Any CPU
		{16E904FE-5786-4C15-A8A1-EDF5428EB7EE}.Release|x86.ActiveCfg = Release|Any CPU
		{16E904FE-5786-4C15-A8A1-EDF5428EB7EE}.Release|x86.Build.0 = Release|Any CPU
		{5547D887-AA93-47BE-9156-3C9BCFDD619E}.Debug|Any CPU.ActiveCfg = Debug|Any CPU
		{5547D887-AA93-47BE-9156-3C9BCFDD619E}.Debug|Any CPU.Build.0 = Debug|Any CPU
		{5547D887-AA93-47BE-9156-3C9BCFDD619E}.Debug|ARM.ActiveCfg = Debug|Any CPU
		{5547D887-AA93-47BE-9156-3C9BCFDD619E}.Debug|ARM.Build.0 = Debug|Any CPU
		{5547D887-AA93-47BE-9156-3C9BCFDD619E}.Debug|x64.ActiveCfg = Debug|Any CPU
		{5547D887-AA93-47BE-9156-3C9BCFDD619E}.Debug|x64.Build.0 = Debug|Any CPU
		{5547D887-AA93-47BE-9156-3C9BCFDD619E}.Debug|x86.ActiveCfg = Debug|Any CPU
		{5547D887-AA93-47BE-9156-3C9BCFDD619E}.Debug|x86.Build.0 = Debug|Any CPU
		{5547D887-AA93-47BE-9156-3C9BCFDD619E}.Release|Any CPU.ActiveCfg = Release|Any CPU
		{5547D887-AA93-47BE-9156-3C9BCFDD619E}.Release|Any CPU.Build.0 = Release|Any CPU
		{5547D887-AA93-47BE-9156-3C9BCFDD619E}.Release|ARM.ActiveCfg = Release|Any CPU
		{5547D887-AA93-47BE-9156-3C9BCFDD619E}.Release|ARM.Build.0 = Release|Any CPU
		{5547D887-AA93-47BE-9156-3C9BCFDD619E}.Release|x64.ActiveCfg = Release|Any CPU
		{5547D887-AA93-47BE-9156-3C9BCFDD619E}.Release|x64.Build.0 = Release|Any CPU
		{5547D887-AA93-47BE-9156-3C9BCFDD619E}.Release|x86.ActiveCfg = Release|Any CPU
		{5547D887-AA93-47BE-9156-3C9BCFDD619E}.Release|x86.Build.0 = Release|Any CPU
		{1B974100-ADE1-4855-8A3C-E443699E793F}.Debug|Any CPU.ActiveCfg = Debug|x86
		{1B974100-ADE1-4855-8A3C-E443699E793F}.Debug|ARM.ActiveCfg = Debug|ARM
		{1B974100-ADE1-4855-8A3C-E443699E793F}.Debug|ARM.Build.0 = Debug|ARM
		{1B974100-ADE1-4855-8A3C-E443699E793F}.Debug|ARM.Deploy.0 = Debug|ARM
		{1B974100-ADE1-4855-8A3C-E443699E793F}.Debug|x64.ActiveCfg = Debug|x64
		{1B974100-ADE1-4855-8A3C-E443699E793F}.Debug|x64.Build.0 = Debug|x64
		{1B974100-ADE1-4855-8A3C-E443699E793F}.Debug|x64.Deploy.0 = Debug|x64
		{1B974100-ADE1-4855-8A3C-E443699E793F}.Debug|x86.ActiveCfg = Debug|x86
		{1B974100-ADE1-4855-8A3C-E443699E793F}.Debug|x86.Build.0 = Debug|x86
		{1B974100-ADE1-4855-8A3C-E443699E793F}.Debug|x86.Deploy.0 = Debug|x86
		{1B974100-ADE1-4855-8A3C-E443699E793F}.Release|Any CPU.ActiveCfg = Release|x86
		{1B974100-ADE1-4855-8A3C-E443699E793F}.Release|ARM.ActiveCfg = Release|ARM
		{1B974100-ADE1-4855-8A3C-E443699E793F}.Release|ARM.Build.0 = Release|ARM
		{1B974100-ADE1-4855-8A3C-E443699E793F}.Release|ARM.Deploy.0 = Release|ARM
		{1B974100-ADE1-4855-8A3C-E443699E793F}.Release|x64.ActiveCfg = Release|x64
		{1B974100-ADE1-4855-8A3C-E443699E793F}.Release|x64.Build.0 = Release|x64
		{1B974100-ADE1-4855-8A3C-E443699E793F}.Release|x64.Deploy.0 = Release|x64
		{1B974100-ADE1-4855-8A3C-E443699E793F}.Release|x86.ActiveCfg = Release|x86
		{1B974100-ADE1-4855-8A3C-E443699E793F}.Release|x86.Build.0 = Release|x86
		{1B974100-ADE1-4855-8A3C-E443699E793F}.Release|x86.Deploy.0 = Release|x86
		{ACECC0CC-E10C-4C3C-9729-5B26BC7C9698}.Debug|Any CPU.ActiveCfg = Debug|Any CPU
		{ACECC0CC-E10C-4C3C-9729-5B26BC7C9698}.Debug|Any CPU.Build.0 = Debug|Any CPU
		{ACECC0CC-E10C-4C3C-9729-5B26BC7C9698}.Debug|Any CPU.Deploy.0 = Debug|Any CPU
		{ACECC0CC-E10C-4C3C-9729-5B26BC7C9698}.Debug|ARM.ActiveCfg = Debug|Any CPU
		{ACECC0CC-E10C-4C3C-9729-5B26BC7C9698}.Debug|ARM.Build.0 = Debug|Any CPU
		{ACECC0CC-E10C-4C3C-9729-5B26BC7C9698}.Debug|ARM.Deploy.0 = Debug|Any CPU
		{ACECC0CC-E10C-4C3C-9729-5B26BC7C9698}.Debug|x64.ActiveCfg = Debug|Any CPU
		{ACECC0CC-E10C-4C3C-9729-5B26BC7C9698}.Debug|x64.Build.0 = Debug|Any CPU
		{ACECC0CC-E10C-4C3C-9729-5B26BC7C9698}.Debug|x64.Deploy.0 = Debug|Any CPU
		{ACECC0CC-E10C-4C3C-9729-5B26BC7C9698}.Debug|x86.ActiveCfg = Debug|Any CPU
		{ACECC0CC-E10C-4C3C-9729-5B26BC7C9698}.Debug|x86.Build.0 = Debug|Any CPU
		{ACECC0CC-E10C-4C3C-9729-5B26BC7C9698}.Debug|x86.Deploy.0 = Debug|Any CPU
		{ACECC0CC-E10C-4C3C-9729-5B26BC7C9698}.Release|Any CPU.ActiveCfg = Release|Any CPU
		{ACECC0CC-E10C-4C3C-9729-5B26BC7C9698}.Release|Any CPU.Build.0 = Release|Any CPU
		{ACECC0CC-E10C-4C3C-9729-5B26BC7C9698}.Release|Any CPU.Deploy.0 = Release|Any CPU
		{ACECC0CC-E10C-4C3C-9729-5B26BC7C9698}.Release|ARM.ActiveCfg = Release|Any CPU
		{ACECC0CC-E10C-4C3C-9729-5B26BC7C9698}.Release|ARM.Build.0 = Release|Any CPU
		{ACECC0CC-E10C-4C3C-9729-5B26BC7C9698}.Release|ARM.Deploy.0 = Release|Any CPU
		{ACECC0CC-E10C-4C3C-9729-5B26BC7C9698}.Release|x64.ActiveCfg = Release|Any CPU
		{ACECC0CC-E10C-4C3C-9729-5B26BC7C9698}.Release|x64.Build.0 = Release|Any CPU
		{ACECC0CC-E10C-4C3C-9729-5B26BC7C9698}.Release|x64.Deploy.0 = Release|Any CPU
		{ACECC0CC-E10C-4C3C-9729-5B26BC7C9698}.Release|x86.ActiveCfg = Release|Any CPU
		{ACECC0CC-E10C-4C3C-9729-5B26BC7C9698}.Release|x86.Build.0 = Release|Any CPU
		{ACECC0CC-E10C-4C3C-9729-5B26BC7C9698}.Release|x86.Deploy.0 = Release|Any CPU
		{1A0C00F9-CC6F-4010-B76C-9E389D91D6E4}.Debug|Any CPU.ActiveCfg = Debug|Any CPU
		{1A0C00F9-CC6F-4010-B76C-9E389D91D6E4}.Debug|Any CPU.Build.0 = Debug|Any CPU
		{1A0C00F9-CC6F-4010-B76C-9E389D91D6E4}.Debug|ARM.ActiveCfg = Debug|Any CPU
		{1A0C00F9-CC6F-4010-B76C-9E389D91D6E4}.Debug|ARM.Build.0 = Debug|Any CPU
		{1A0C00F9-CC6F-4010-B76C-9E389D91D6E4}.Debug|x64.ActiveCfg = Debug|Any CPU
		{1A0C00F9-CC6F-4010-B76C-9E389D91D6E4}.Debug|x64.Build.0 = Debug|Any CPU
		{1A0C00F9-CC6F-4010-B76C-9E389D91D6E4}.Debug|x86.ActiveCfg = Debug|Any CPU
		{1A0C00F9-CC6F-4010-B76C-9E389D91D6E4}.Debug|x86.Build.0 = Debug|Any CPU
		{1A0C00F9-CC6F-4010-B76C-9E389D91D6E4}.Release|Any CPU.ActiveCfg = Release|Any CPU
		{1A0C00F9-CC6F-4010-B76C-9E389D91D6E4}.Release|Any CPU.Build.0 = Release|Any CPU
		{1A0C00F9-CC6F-4010-B76C-9E389D91D6E4}.Release|ARM.ActiveCfg = Release|Any CPU
		{1A0C00F9-CC6F-4010-B76C-9E389D91D6E4}.Release|ARM.Build.0 = Release|Any CPU
		{1A0C00F9-CC6F-4010-B76C-9E389D91D6E4}.Release|x64.ActiveCfg = Release|Any CPU
		{1A0C00F9-CC6F-4010-B76C-9E389D91D6E4}.Release|x64.Build.0 = Release|Any CPU
		{1A0C00F9-CC6F-4010-B76C-9E389D91D6E4}.Release|x86.ActiveCfg = Release|Any CPU
		{1A0C00F9-CC6F-4010-B76C-9E389D91D6E4}.Release|x86.Build.0 = Release|Any CPU
	EndGlobalSection
	GlobalSection(SolutionProperties) = preSolution
		HideSolutionNode = FALSE
	EndGlobalSection
	GlobalSection(ExtensibilityGlobals) = postSolution
		SolutionGuid = {B9CFB786-58BD-4BCD-A060-45E14174B264}
	EndGlobalSection
EndGlobal
