
Microsoft Visual Studio Solution File, Format Version 12.00
# Visual Studio Version 16
VisualStudioVersion = 16.0.29519.181
MinimumVisualStudioVersion = 10.0.40219.1
Project("{9A19103F-16F7-4668-BE54-9A1E7A4F7556}") = "EntityFrameworkCore", "EntityFrameworkCore.csproj", "{EDA1C7EE-651A-4BA2-AED7-D9D21D03683F}"
EndProject
Global
	GlobalSection(SolutionConfigurationPlatforms) = preSolution
		Debug|Any CPU = Debug|Any CPU
		Release|Any CPU = Release|Any CPU
	EndGlobalSection
	GlobalSection(ProjectConfigurationPlatforms) = postSolution
		{EDA1C7EE-651A-4BA2-AED7-D9D21D03683F}.Debug|Any CPU.ActiveCfg = Debug|Any CPU
		{EDA1C7EE-651A-4BA2-AED7-D9D21D03683F}.Debug|Any CPU.Build.0 = Debug|Any CPU
		{EDA1C7EE-651A-4BA2-AED7-D9D21D03683F}.Release|Any CPU.ActiveCfg = Release|Any CPU
		{EDA1C7EE-651A-4BA2-AED7-D9D21D03683F}.Release|Any CPU.Build.0 = Release|Any CPU
	EndGlobalSection
	GlobalSection(SolutionProperties) = preSolution
		HideSolutionNode = FALSE
	EndGlobalSection
	GlobalSection(ExtensibilityGlobals) = postSolution
		SolutionGuid = {A49E3AAE-9BE7-4929-8E49-5299837FEB62}
	EndGlobalSection
EndGlobal
