
Microsoft Visual Studio Solution File, Format Version 12.00
# Visual Studio Version 16
VisualStudioVersion = 16.0.29020.237
MinimumVisualStudioVersion = 10.0.40219.1
Project("{FAE04EC0-301F-11D3-BF4B-00C04F79EFBC}") = "PostRequestExample.App", "PostRequestExample.App\PostRequestExample.App.csproj", "{65143E44-AA0B-44D6-8CF2-772913A49308}"
EndProject
Global
	GlobalSection(SolutionConfigurationPlatforms) = preSolution
		Debug|Any CPU = Debug|Any CPU
		Release|Any CPU = Release|Any CPU
	EndGlobalSection
	GlobalSection(ProjectConfigurationPlatforms) = postSolution
		{65143E44-AA0B-44D6-8CF2-772913A49308}.Debug|Any CPU.ActiveCfg = Debug|Any CPU
		{65143E44-AA0B-44D6-8CF2-772913A49308}.Debug|Any CPU.Build.0 = Debug|Any CPU
		{65143E44-AA0B-44D6-8CF2-772913A49308}.Release|Any CPU.ActiveCfg = Release|Any CPU
		{65143E44-AA0B-44D6-8CF2-772913A49308}.Release|Any CPU.Build.0 = Release|Any CPU
	EndGlobalSection
	GlobalSection(SolutionProperties) = preSolution
		HideSolutionNode = FALSE
	EndGlobalSection
	GlobalSection(ExtensibilityGlobals) = postSolution
		SolutionGuid = {AD84ADEF-D5F0-4058-89FC-BD6AD32BA54C}
	EndGlobalSection
EndGlobal
