
Microsoft Visual Studio Solution File, Format Version 12.00
# Visual Studio Version 16
VisualStudioVersion = 16.0.30002.166
MinimumVisualStudioVersion = 10.0.40219.1
Project("{FAE04EC0-301F-11D3-BF4B-00C04F79EFBC}") = "StateDemo.UWP", "StateDemo\StateDemo.UWP\StateDemo.UWP.csproj", "{1AE5DC5D-8D9F-4FC0-9A8F-DCC6B545FA1B}"
EndProject
Project("{FAE04EC0-301F-11D3-BF4B-00C04F79EFBC}") = "StateDemo", "StateDemo\StateDemo\StateDemo.csproj", "{0138A653-FD18-48DB-A9A0-2C60B0C40D79}"
EndProject
Global
	GlobalSection(SolutionConfigurationPlatforms) = preSolution
		Debug|Any CPU = Debug|Any CPU
		Debug|ARM = Debug|ARM
		Debug|x64 = Debug|x64
		Debug|x86 = Debug|x86
		Release|Any CPU = Release|Any CPU
		Release|ARM = Release|ARM
		Release|x64 = Release|x64
		Release|x86 = Release|x86
	EndGlobalSection
	GlobalSection(ProjectConfigurationPlatforms) = postSolution
		{1AE5DC5D-8D9F-4FC0-9A8F-DCC6B545FA1B}.Debug|Any CPU.ActiveCfg = Debug|x86
		{1AE5DC5D-8D9F-4FC0-9A8F-DCC6B545FA1B}.Debug|Any CPU.Build.0 = Debug|x86
		{1AE5DC5D-8D9F-4FC0-9A8F-DCC6B545FA1B}.Debug|Any CPU.Deploy.0 = Debug|x86
		{1AE5DC5D-8D9F-4FC0-9A8F-DCC6B545FA1B}.Debug|ARM.ActiveCfg = Debug|ARM
		{1AE5DC5D-8D9F-4FC0-9A8F-DCC6B545FA1B}.Debug|ARM.Build.0 = Debug|ARM
		{1AE5DC5D-8D9F-4FC0-9A8F-DCC6B545FA1B}.Debug|ARM.Deploy.0 = Debug|ARM
		{1AE5DC5D-8D9F-4FC0-9A8F-DCC6B545FA1B}.Debug|x64.ActiveCfg = Debug|x64
		{1AE5DC5D-8D9F-4FC0-9A8F-DCC6B545FA1B}.Debug|x64.Build.0 = Debug|x64
		{1AE5DC5D-8D9F-4FC0-9A8F-DCC6B545FA1B}.Debug|x64.Deploy.0 = Debug|x64
		{1AE5DC5D-8D9F-4FC0-9A8F-DCC6B545FA1B}.Debug|x86.ActiveCfg = Debug|x86
		{1AE5DC5D-8D9F-4FC0-9A8F-DCC6B545FA1B}.Debug|x86.Build.0 = Debug|x86
		{1AE5DC5D-8D9F-4FC0-9A8F-DCC6B545FA1B}.Debug|x86.Deploy.0 = Debug|x86
		{1AE5DC5D-8D9F-4FC0-9A8F-DCC6B545FA1B}.Release|Any CPU.ActiveCfg = Release|x86
		{1AE5DC5D-8D9F-4FC0-9A8F-DCC6B545FA1B}.Release|Any CPU.Build.0 = Release|x86
		{1AE5DC5D-8D9F-4FC0-9A8F-DCC6B545FA1B}.Release|Any CPU.Deploy.0 = Release|x86
		{1AE5DC5D-8D9F-4FC0-9A8F-DCC6B545FA1B}.Release|ARM.ActiveCfg = Release|ARM
		{1AE5DC5D-8D9F-4FC0-9A8F-DCC6B545FA1B}.Release|ARM.Build.0 = Release|ARM
		{1AE5DC5D-8D9F-4FC0-9A8F-DCC6B545FA1B}.Release|ARM.Deploy.0 = Release|ARM
		{1AE5DC5D-8D9F-4FC0-9A8F-DCC6B545FA1B}.Release|x64.ActiveCfg = Release|x64
		{1AE5DC5D-8D9F-4FC0-9A8F-DCC6B545FA1B}.Release|x64.Build.0 = Release|x64
		{1AE5DC5D-8D9F-4FC0-9A8F-DCC6B545FA1B}.Release|x64.Deploy.0 = Release|x64
		{1AE5DC5D-8D9F-4FC0-9A8F-DCC6B545FA1B}.Release|x86.ActiveCfg = Release|x86
		{1AE5DC5D-8D9F-4FC0-9A8F-DCC6B545FA1B}.Release|x86.Build.0 = Release|x86
		{1AE5DC5D-8D9F-4FC0-9A8F-DCC6B545FA1B}.Release|x86.Deploy.0 = Release|x86
		{0138A653-FD18-48DB-A9A0-2C60B0C40D79}.Debug|Any CPU.ActiveCfg = Debug|Any CPU
		{0138A653-FD18-48DB-A9A0-2C60B0C40D79}.Debug|Any CPU.Build.0 = Debug|Any CPU
		{0138A653-FD18-48DB-A9A0-2C60B0C40D79}.Debug|Any CPU.Deploy.0 = Debug|Any CPU
		{0138A653-FD18-48DB-A9A0-2C60B0C40D79}.Debug|ARM.ActiveCfg = Debug|Any CPU
		{0138A653-FD18-48DB-A9A0-2C60B0C40D79}.Debug|ARM.Build.0 = Debug|Any CPU
		{0138A653-FD18-48DB-A9A0-2C60B0C40D79}.Debug|ARM.Deploy.0 = Debug|Any CPU
		{0138A653-FD18-48DB-A9A0-2C60B0C40D79}.Debug|x64.ActiveCfg = Debug|Any CPU
		{0138A653-FD18-48DB-A9A0-2C60B0C40D79}.Debug|x64.Build.0 = Debug|Any CPU
		{0138A653-FD18-48DB-A9A0-2C60B0C40D79}.Debug|x64.Deploy.0 = Debug|Any CPU
		{0138A653-FD18-48DB-A9A0-2C60B0C40D79}.Debug|x86.ActiveCfg = Debug|Any CPU
		{0138A653-FD18-48DB-A9A0-2C60B0C40D79}.Debug|x86.Build.0 = Debug|Any CPU
		{0138A653-FD18-48DB-A9A0-2C60B0C40D79}.Debug|x86.Deploy.0 = Debug|Any CPU
		{0138A653-FD18-48DB-A9A0-2C60B0C40D79}.Release|Any CPU.ActiveCfg = Release|Any CPU
		{0138A653-FD18-48DB-A9A0-2C60B0C40D79}.Release|Any CPU.Build.0 = Release|Any CPU
		{0138A653-FD18-48DB-A9A0-2C60B0C40D79}.Release|Any CPU.Deploy.0 = Release|Any CPU
		{0138A653-FD18-48DB-A9A0-2C60B0C40D79}.Release|ARM.ActiveCfg = Release|Any CPU
		{0138A653-FD18-48DB-A9A0-2C60B0C40D79}.Release|ARM.Build.0 = Release|Any CPU
		{0138A653-FD18-48DB-A9A0-2C60B0C40D79}.Release|ARM.Deploy.0 = Release|Any CPU
		{0138A653-FD18-48DB-A9A0-2C60B0C40D79}.Release|x64.ActiveCfg = Release|Any CPU
		{0138A653-FD18-48DB-A9A0-2C60B0C40D79}.Release|x64.Build.0 = Release|Any CPU
		{0138A653-FD18-48DB-A9A0-2C60B0C40D79}.Release|x64.Deploy.0 = Release|Any CPU
		{0138A653-FD18-48DB-A9A0-2C60B0C40D79}.Release|x86.ActiveCfg = Release|Any CPU
		{0138A653-FD18-48DB-A9A0-2C60B0C40D79}.Release|x86.Build.0 = Release|Any CPU
		{0138A653-FD18-48DB-A9A0-2C60B0C40D79}.Release|x86.Deploy.0 = Release|Any CPU
	EndGlobalSection
	GlobalSection(SolutionProperties) = preSolution
		HideSolutionNode = FALSE
	EndGlobalSection
	GlobalSection(ExtensibilityGlobals) = postSolution
		SolutionGuid = {3288BE1A-1701-40B8-A26E-3CDCC054B190}
	EndGlobalSection
EndGlobal
